
Microsoft Visual Studio Solution File, Format Version 12.00
# Visual Studio Version 16
VisualStudioVersion = 16.0.31515.178
MinimumVisualStudioVersion = 10.0.40219.1
Project("{8BC9CEB8-8B4A-11D0-8D11-00A0C91BC942}") = "Learn", "Learn.vcxproj", "{889E6116-138A-47AB-B649-C77E64FB1AFD}"
EndProject
Global
	GlobalSection(SolutionConfigurationPlatforms) = preSolution
		Debug|x64 = Debug|x64
		Debug|x86 = Debug|x86
		Release|x64 = Release|x64
		Release|x86 = Release|x86
	EndGlobalSection
	GlobalSection(ProjectConfigurationPlatforms) = postSolution
		{889E6116-138A-47AB-B649-C77E64FB1AFD}.Debug|x64.ActiveCfg = Debug|x64
		{889E6116-138A-47AB-B649-C77E64FB1AFD}.Debug|x64.Build.0 = Debug|x64
		{889E6116-138A-47AB-B649-C77E64FB1AFD}.Debug|x86.ActiveCfg = Debug|Win32
		{889E6116-138A-47AB-B649-C77E64FB1AFD}.Debug|x86.Build.0 = Debug|Win32
		{889E6116-138A-47AB-B649-C77E64FB1AFD}.Release|x64.ActiveCfg = Release|x64
		{889E6116-138A-47AB-B649-C77E64FB1AFD}.Release|x64.Build.0 = Release|x64
		{889E6116-138A-47AB-B649-C77E64FB1AFD}.Release|x86.ActiveCfg = Release|Win32
		{889E6116-138A-47AB-B649-C77E64FB1AFD}.Release|x86.Build.0 = Release|Win32
	EndGlobalSection
	GlobalSection(SolutionProperties) = preSolution
		HideSolutionNode = FALSE
	EndGlobalSection
	GlobalSection(ExtensibilityGlobals) = postSolution
		SolutionGuid = {BFD2CF0D-2E13-4310-B6B9-85EBB169BB9C}
	EndGlobalSection
EndGlobal
